<?xml version="1.0" encoding="utf-8"?>
<Project ToolsVersion="4.0" xmlns="http://schemas.microsoft.com/developer/msbuild/2003">
  <ItemGroup>
    <Filter Include="Source Files">
      <UniqueIdentifier>{4FC737F1-C7A5-4376-A066-2A32D752A2FF}</UniqueIdentifier>
      <Extensions>cpp;c;cc;cxx;c++;cppm;ixx;def;odl;idl;hpj;bat;asm;asmx</Extensions>
    </Filter>
    <Filter Include="Header Files">
      <UniqueIdentifier>{93995380-89BD-4b04-88EB-625FBE52EBFB}</UniqueIdentifier>
      <Extensions>h;hh;hpp;hxx;h++;hm;inl;inc;ipp;xsd</Extensions>
    </Filter>
    <Filter Include="Resource Files">
      <UniqueIdentifier>{67DA6AB6-F800-4c08-8B7A-83BB121AAD01}</UniqueIdentifier>
      <Extensions>rc;ico;cur;bmp;dlg;rc2;rct;bin;rgs;gif;jpg;jpeg;jpe;resx;tiff;tif;png;wav;mfcribbon-ms</Extensions>
    </Filter>
  </ItemGroup>
  <ItemGroup>
    <ClInclude Include="include\vector_like_glsl.h">
      <Filter>Header Files</Filter>
    </ClInclude>
    <ClInclude Include="include\Vector\swizzles.h">
      <Filter>Header Files</Filter>
    </ClInclude>
    <ClInclude Include="include\Vector\vector.h">
      <Filter>Header Files</Filter>
    </ClInclude>
    <ClInclude Include="include\CodeMaker\swizzle_maker.h">
      <Filter>Header Files</Filter>
    </ClInclude>
    <ClInclude Include="include\common\common.h">
      <Filter>Header Files</Filter>
    </ClInclude>
    <ClInclude Include="include\CodeMaker\code_maker.h">
      <Filter>Header Files</Filter>
    </ClInclude>
    <ClInclude Include="include\CodeMaker\UnitTestCodeMaker\swizzle_testcode_maker.h">
      <Filter>Header Files</Filter>
    </ClInclude>
    <ClInclude Include="include\Vector\vec2_swizzle.h">
      <Filter>Header Files</Filter>
    </ClInclude>
    <ClInclude Include="include\Vector\vec3_swizzle.h">
      <Filter>Header Files</Filter>
    </ClInclude>
    <ClInclude Include="include\Vector\vec4_swizzle.h">
      <Filter>Header Files</Filter>
    </ClInclude>
    <ClInclude Include="include\functions\functions.h">
      <Filter>Header Files</Filter>
    </ClInclude>
    <ClInclude Include="include\functions\trigonometry.h">
      <Filter>Header Files</Filter>
    </ClInclude>
    <ClInclude Include="include\functions\common_function.h">
      <Filter>Header Files</Filter>
    </ClInclude>
    <ClInclude Include="include\functions\pack_unpack.h">
      <Filter>Header Files</Filter>
    </ClInclude>
    <ClInclude Include="include\functions\geometric.h">
      <Filter>Header Files</Filter>
    </ClInclude>
    <ClInclude Include="include\functions\matrixfunc.h">
      <Filter>Header Files</Filter>
    </ClInclude>
    <ClInclude Include="include\functions\integer.h">
      <Filter>Header Files</Filter>
    </ClInclude>
    <ClInclude Include="include\Vector\bswizzles.h">
      <Filter>Header Files</Filter>
    </ClInclude>
    <ClInclude Include="include\Vector\iswizzles.h">
      <Filter>Header Files</Filter>
    </ClInclude>
    <ClInclude Include="include\Vector\uswizzles.h">
      <Filter>Header Files</Filter>
    </ClInclude>
    <ClInclude Include="..\x64\Debug\bvec3_swizzle.h">
      <Filter>Header Files</Filter>
    </ClInclude>
    <ClInclude Include="..\x64\Debug\bvec4_swizzle.h">
      <Filter>Header Files</Filter>
    </ClInclude>
    <ClInclude Include="..\x64\Debug\bvec2_swizzle.h">
      <Filter>Header Files</Filter>
    </ClInclude>
    <ClInclude Include="include\Vector\bvec2_swizzle.h">
      <Filter>Header Files</Filter>
    </ClInclude>
    <ClInclude Include="include\Vector\bvec3_swizzle.h">
      <Filter>Header Files</Filter>
    </ClInclude>
    <ClInclude Include="include\Vector\bvec4_swizzle.h">
      <Filter>Header Files</Filter>
    </ClInclude>
    <ClInclude Include="include\Vector\ivec2_swizzle.h">
      <Filter>Header Files</Filter>
    </ClInclude>
    <ClInclude Include="include\Vector\ivec3_swizzle.h">
      <Filter>Header Files</Filter>
    </ClInclude>
    <ClInclude Include="include\Vector\ivec4_swizzle.h">
      <Filter>Header Files</Filter>
    </ClInclude>
    <ClInclude Include="include\Vector\uvec2_swizzle.h">
      <Filter>Header Files</Filter>
    </ClInclude>
    <ClInclude Include="include\Vector\uvec3_swizzle.h">
      <Filter>Header Files</Filter>
    </ClInclude>
    <ClInclude Include="include\Vector\uvec4_swizzle.h">
      <Filter>Header Files</Filter>
    </ClInclude>
    <ClInclude Include="include\Vector\vector_cast.h">
      <Filter>Header Files</Filter>
    </ClInclude>
    <ClInclude Include="include\Vector\bvec.h">
      <Filter>Header Files</Filter>
    </ClInclude>
    <ClInclude Include="include\Vector\ivec.h">
      <Filter>Header Files</Filter>
    </ClInclude>
    <ClInclude Include="include\Vector\uvec.h">
      <Filter>Header Files</Filter>
    </ClInclude>
    <ClInclude Include="include\Vector\vec.h">
      <Filter>Header Files</Filter>
    </ClInclude>
    <ClInclude Include="include\functions\expo.h">
      <Filter>Header Files</Filter>
    </ClInclude>
    <ClInclude Include="include\functions\relational.h">
      <Filter>Header Files</Filter>
    </ClInclude>
    <ClInclude Include="include\Matrix\mat2.h">
      <Filter>Header Files</Filter>
    </ClInclude>
    <ClInclude Include="include\Matrix\mat3.h">
      <Filter>Header Files</Filter>
    </ClInclude>
    <ClInclude Include="include\Matrix\mat4.h">
      <Filter>Header Files</Filter>
    </ClInclude>
    <ClInclude Include="include\Matrix\matrix.h">
      <Filter>Header Files</Filter>
    </ClInclude>
    <ClInclude Include="include\Matrix\matrix_cast.h">
      <Filter>Header Files</Filter>
    </ClInclude>
  </ItemGroup>
  <ItemGroup>
    <ClCompile Include="src\main.cpp">
      <Filter>Source Files</Filter>
    </ClCompile>
  </ItemGroup>
</Project>